
Microsoft Visual Studio Solution File, Format Version 12.00
# Visual Studio Version 17
VisualStudioVersion = 17.13.35828.75 d17.13
MinimumVisualStudioVersion = 10.0.40219.1
Project("{FAE04EC0-301F-11D3-BF4B-00C04F79EFBC}") = "Homework1_inheritance", "Homework1_inheritance.csproj", "{A624DE3A-9E12-4E55-9D7F-526FDD2224AD}"
EndProject
Global
	GlobalSection(SolutionConfigurationPlatforms) = preSolution
		Debug|Any CPU = Debug|Any CPU
		Release|Any CPU = Release|Any CPU
	EndGlobalSection
	GlobalSection(ProjectConfigurationPlatforms) = postSolution
		{A624DE3A-9E12-4E55-9D7F-526FDD2224AD}.Debug|Any CPU.ActiveCfg = Debug|Any CPU
		{A624DE3A-9E12-4E55-9D7F-526FDD2224AD}.Debug|Any CPU.Build.0 = Debug|Any CPU
		{A624DE3A-9E12-4E55-9D7F-526FDD2224AD}.Release|Any CPU.ActiveCfg = Release|Any CPU
		{A624DE3A-9E12-4E55-9D7F-526FDD2224AD}.Release|Any CPU.Build.0 = Release|Any CPU
	EndGlobalSection
	GlobalSection(SolutionProperties) = preSolution
		HideSolutionNode = FALSE
	EndGlobalSection
	GlobalSection(ExtensibilityGlobals) = postSolution
		SolutionGuid = {F949B098-E3CD-4F20-97FF-111BD5239FB3}
	EndGlobalSection
EndGlobal
